// !$*UTF8*$!
{
	archiveVersion = 1;
	classes = {
	};
	objectVersion = 46;
	objects = {

/* Begin PBXBuildFile section */
		C22ABE521BF0A90D00A56CA9 /* main.m in Sources */ = {isa = PBXBuildFile; fileRef = C22ABE511BF0A90D00A56CA9 /* main.m */; };
		C22ABE551BF0A90D00A56CA9 /* AppDelegate.m in Sources */ = {isa = PBXBuildFile; fileRef = C22ABE541BF0A90D00A56CA9 /* AppDelegate.m */; };
		C22ABE5B1BF0A90D00A56CA9 /* Main.storyboard in Resources */ = {isa = PBXBuildFile; fileRef = C22ABE591BF0A90D00A56CA9 /* Main.storyboard */; };
		C22ABE5D1BF0A90D00A56CA9 /* Assets.xcassets in Resources */ = {isa = PBXBuildFile; fileRef = C22ABE5C1BF0A90D00A56CA9 /* Assets.xcassets */; };
		C22ABE601BF0A90D00A56CA9 /* LaunchScreen.storyboard in Resources */ = {isa = PBXBuildFile; fileRef = C22ABE5E1BF0A90D00A56CA9 /* LaunchScreen.storyboard */; };
		C2E423741BF0AA6C00DE2D8C /* ViewController.m in Sources */ = {isa = PBXBuildFile; fileRef = C2E423731BF0AA6C00DE2D8C /* ViewController.m */; };
		F59466205598177D30CB5C96 /* libPods.a in Frameworks */ = {isa = PBXBuildFile; fileRef = D88F38E3E51D2838C18F36B6 /* libPods.a */; };
/* End PBXBuildFile section */

/* Begin PBXFileReference section */
		C22ABE4D1BF0A90D00A56CA9 /* TrackingApp.app */ = {isa = PBXFileReference; explicitFileType = wrapper.application; includeInIndex = 0; path = TrackingApp.app; sourceTree = BUILT_PRODUCTS_DIR; };
		C22ABE511BF0A90D00A56CA9 /* main.m */ = {isa = PBXFileReference; lastKnownFileType = sourcecode.c.objc; path = main.m; sourceTree = "<group>"; };
		C22ABE531BF0A90D00A56CA9 /* AppDelegate.h */ = {isa = PBXFileReference; lastKnownFileType = sourcecode.c.h; path = AppDelegate.h; sourceTree = "<group>"; };
		C22ABE541BF0A90D00A56CA9 /* AppDelegate.m */ = {isa = PBXFileReference; lastKnownFileType = sourcecode.c.objc; path = AppDelegate.m; sourceTree = "<group>"; };
		C22ABE5A1BF0A90D00A56CA9 /* Base */ = {isa = PBXFileReference; lastKnownFileType = file.storyboard; name = Base; path = Base.lproj/Main.storyboard; sourceTree = "<group>"; };
		C22ABE5C1BF0A90D00A56CA9 /* Assets.xcassets */ = {isa = PBXFileReference; lastKnownFileType = folder.assetcatalog; path = Assets.xcassets; sourceTree = "<group>"; };
		C22ABE5F1BF0A90D00A56CA9 /* Base */ = {isa = PBXFileReference; lastKnownFileType = file.storyboard; name = Base; path = Base.lproj/LaunchScreen.storyboard; sourceTree = "<group>"; };
		C22ABE611BF0A90D00A56CA9 /* Info.plist */ = {isa = PBXFileReference; lastKnownFileType = text.plist.xml; path = Info.plist; sourceTree = "<group>"; };
		C2E423721BF0AA6C00DE2D8C /* ViewController.h */ = {isa = PBXFileReference; fileEncoding = 4; lastKnownFileType = sourcecode.c.h; path = ViewController.h; sourceTree = "<group>"; };
		C2E423731BF0AA6C00DE2D8C /* ViewController.m */ = {isa = PBXFileReference; fileEncoding = 4; lastKnownFileType = sourcecode.c.objc; path = ViewController.m; sourceTree = "<group>"; };
		C9E382E13383370D0398AACF /* Pods.debug.xcconfig */ = {isa = PBXFileReference; includeInIndex = 1; lastKnownFileType = text.xcconfig; name = Pods.debug.xcconfig; path = "Pods/Target Support Files/Pods/Pods.debug.xcconfig"; sourceTree = "<group>"; };
		D88F38E3E51D2838C18F36B6 /* libPods.a */ = {isa = PBXFileReference; explicitFileType = archive.ar; includeInIndex = 0; path = libPods.a; sourceTree = BUILT_PRODUCTS_DIR; };
		F0BBEC4C526E65C3B8EB16C7 /* Pods.release.xcconfig */ = {isa = PBXFileReference; includeInIndex = 1; lastKnownFileType = text.xcconfig; name = Pods.release.xcconfig; path = "Pods/Target Support Files/Pods/Pods.release.xcconfig"; sourceTree = "<group>"; };
/* End PBXFileReference section */

/* Begin PBXFrameworksBuildPhase section */
		C22ABE4A1BF0A90D00A56CA9 /* Frameworks */ = {
			isa = PBXFrameworksBuildPhase;
			buildActionMask = 2147483647;
			files = (
				F59466205598177D30CB5C96 /* libPods.a in Frameworks */,
			);
			runOnlyForDeploymentPostprocessing = 0;
		};
/* End PBXFrameworksBuildPhase section */

/* Begin PBXGroup section */
		260683C27BB50B85BE308D32 /* Frameworks */ = {
			isa = PBXGroup;
			children = (
				D88F38E3E51D2838C18F36B6 /* libPods.a */,
			);
			name = Frameworks;
			sourceTree = "<group>";
		};
		3EC75C8DD7A90D603A863F47 /* Pods */ = {
			isa = PBXGroup;
			children = (
				C9E382E13383370D0398AACF /* Pods.debug.xcconfig */,
				F0BBEC4C526E65C3B8EB16C7 /* Pods.release.xcconfig */,
			);
			name = Pods;
			sourceTree = "<group>";
		};
		C22ABE441BF0A90D00A56CA9 = {
			isa = PBXGroup;
			children = (
				C22ABE4F1BF0A90D00A56CA9 /* TrackingApp */,
				C22ABE4E1BF0A90D00A56CA9 /* Products */,
				3EC75C8DD7A90D603A863F47 /* Pods */,
				260683C27BB50B85BE308D32 /* Frameworks */,
			);
			sourceTree = "<group>";
		};
		C22ABE4E1BF0A90D00A56CA9 /* Products */ = {
			isa = PBXGroup;
			children = (
				C22ABE4D1BF0A90D00A56CA9 /* TrackingApp.app */,
			);
			name = Products;
			sourceTree = "<group>";
		};
		C22ABE4F1BF0A90D00A56CA9 /* TrackingApp */ = {
			isa = PBXGroup;
			children = (
				C2E423711BF0AA3900DE2D8C /* CustomCell */,
				C2E423701BF0AA3100DE2D8C /* CustomCellNibs */,
				C2E4236F1BF0AA2700DE2D8C /* ViewControllers */,
				C22ABE531BF0A90D00A56CA9 /* AppDelegate.h */,
				C22ABE541BF0A90D00A56CA9 /* AppDelegate.m */,
				C22ABE591BF0A90D00A56CA9 /* Main.storyboard */,
				C22ABE5C1BF0A90D00A56CA9 /* Assets.xcassets */,
				C22ABE5E1BF0A90D00A56CA9 /* LaunchScreen.storyboard */,
				C22ABE611BF0A90D00A56CA9 /* Info.plist */,
				C22ABE501BF0A90D00A56CA9 /* Supporting Files */,
			);
			path = TrackingApp;
			sourceTree = "<group>";
		};
		C22ABE501BF0A90D00A56CA9 /* Supporting Files */ = {
			isa = PBXGroup;
			children = (
				C22ABE511BF0A90D00A56CA9 /* main.m */,
			);
			name = "Supporting Files";
			sourceTree = "<group>";
		};
		C2E4236F1BF0AA2700DE2D8C /* ViewControllers */ = {
			isa = PBXGroup;
			children = (
				C2E423721BF0AA6C00DE2D8C /* ViewController.h */,
				C2E423731BF0AA6C00DE2D8C /* ViewController.m */,
			);
			path = ViewControllers;
			sourceTree = "<group>";
		};
		C2E423701BF0AA3100DE2D8C /* CustomCellNibs */ = {
			isa = PBXGroup;
			children = (
			);
			path = CustomCellNibs;
			sourceTree = "<group>";
		};
		C2E423711BF0AA3900DE2D8C /* CustomCell */ = {
			isa = PBXGroup;
			children = (
			);
			name = CustomCell;
			path = CustomCells;
			sourceTree = "<group>";
		};
/* End PBXGroup section */

/* Begin PBXNativeTarget section */
		C22ABE4C1BF0A90D00A56CA9 /* TrackingApp */ = {
			isa = PBXNativeTarget;
			buildConfigurationList = C22ABE641BF0A90D00A56CA9 /* Build configuration list for PBXNativeTarget "TrackingApp" */;
			buildPhases = (
				F50C778EDFB1EA8339A57A74 /* Check Pods Manifest.lock */,
				C22ABE491BF0A90D00A56CA9 /* Sources */,
				C22ABE4A1BF0A90D00A56CA9 /* Frameworks */,
				C22ABE4B1BF0A90D00A56CA9 /* Resources */,
				DA376EAD81B598A162E8C991 /* Copy Pods Resources */,
			);
			buildRules = (
			);
			dependencies = (
			);
			name = TrackingApp;
			productName = TrackingApp;
			productReference = C22ABE4D1BF0A90D00A56CA9 /* TrackingApp.app */;
			productType = "com.apple.product-type.application";
		};
/* End PBXNativeTarget section */

/* Begin PBXProject section */
		C22ABE451BF0A90D00A56CA9 /* Project object */ = {
			isa = PBXProject;
			attributes = {
				LastUpgradeCheck = 0710;
				ORGANIZATIONNAME = "Fork IT";
				TargetAttributes = {
					C22ABE4C1BF0A90D00A56CA9 = {
						CreatedOnToolsVersion = 7.1;
					};
				};
			};
			buildConfigurationList = C22ABE481BF0A90D00A56CA9 /* Build configuration list for PBXProject "TrackingApp" */;
			compatibilityVersion = "Xcode 3.2";
			developmentRegion = English;
			hasScannedForEncodings = 0;
			knownRegions = (
				en,
				Base,
			);
			mainGroup = C22ABE441BF0A90D00A56CA9;
			productRefGroup = C22ABE4E1BF0A90D00A56CA9 /* Products */;
			projectDirPath = "";
			projectRoot = "";
			targets = (
				C22ABE4C1BF0A90D00A56CA9 /* TrackingApp */,
			);
		};
/* End PBXProject section */

/* Begin PBXResourcesBuildPhase section */
		C22ABE4B1BF0A90D00A56CA9 /* Resources */ = {
			isa = PBXResourcesBuildPhase;
			buildActionMask = 2147483647;
			files = (
				C22ABE601BF0A90D00A56CA9 /* LaunchScreen.storyboard in Resources */,
				C22ABE5D1BF0A90D00A56CA9 /* Assets.xcassets in Resources */,
				C22ABE5B1BF0A90D00A56CA9 /* Main.storyboard in Resources */,
			);
			runOnlyForDeploymentPostprocessing = 0;
		};
/* End PBXResourcesBuildPhase section */

/* Begin PBXShellScriptBuildPhase section */
		DA376EAD81B598A162E8C991 /* Copy Pods Resources */ = {
			isa = PBXShellScriptBuildPhase;
			buildActionMask = 2147483647;
			files = (
			);
			inputPaths = (
			);
			name = "Copy Pods Resources";
			outputPaths = (
			);
			runOnlyForDeploymentPostprocessing = 0;
			shellPath = /bin/sh;
			shellScript = "\"${SRCROOT}/Pods/Target Support Files/Pods/Pods-resources.sh\"\n";
			showEnvVarsInLog = 0;
		};
		F50C778EDFB1EA8339A57A74 /* Check Pods Manifest.lock */ = {
			isa = PBXShellScriptBuildPhase;
			buildActionMask = 2147483647;
			files = (
			);
			inputPaths = (
			);
			name = "Check Pods Manifest.lock";
			outputPaths = (
			);
			runOnlyForDeploymentPostprocessing = 0;
			shellPath = /bin/sh;
			shellScript = "diff \"${PODS_ROOT}/../Podfile.lock\" \"${PODS_ROOT}/Manifest.lock\" > /dev/null\nif [[ $? != 0 ]] ; then\n    cat << EOM\nerror: The sandbox is not in sync with the Podfile.lock. Run 'pod install' or update your CocoaPods installation.\nEOM\n    exit 1\nfi\n";
			showEnvVarsInLog = 0;
		};
/* End PBXShellScriptBuildPhase section */

/* Begin PBXSourcesBuildPhase section */
		C22ABE491BF0A90D00A56CA9 /* Sources */ = {
			isa = PBXSourcesBuildPhase;
			buildActionMask = 2147483647;
			files = (
				C2E423741BF0AA6C00DE2D8C /* ViewController.m in Sources */,
				C22ABE551BF0A90D00A56CA9 /* AppDelegate.m in Sources */,
				C22ABE521BF0A90D00A56CA9 /* main.m in Sources */,
			);
			runOnlyForDeploymentPostprocessing = 0;
		};
/* End PBXSourcesBuildPhase section */

/* Begin PBXVariantGroup section */
		C22ABE591BF0A90D00A56CA9 /* Main.storyboard */ = {
			isa = PBXVariantGroup;
			children = (
				C22ABE5A1BF0A90D00A56CA9 /* Base */,
			);
			name = Main.storyboard;
			sourceTree = "<group>";
		};
		C22ABE5E1BF0A90D00A56CA9 /* LaunchScreen.storyboard */ = {
			isa = PBXVariantGroup;
			children = (
				C22ABE5F1BF0A90D00A56CA9 /* Base */,
			);
			name = LaunchScreen.storyboard;
			sourceTree = "<group>";
		};
/* End PBXVariantGroup section */

/* Begin XCBuildConfiguration section */
		C22ABE621BF0A90D00A56CA9 /* Debug */ = {
			isa = XCBuildConfiguration;
			buildSettings = {
				ALWAYS_SEARCH_USER_PATHS = NO;
				CLANG_CXX_LANGUAGE_STANDARD = "gnu++0x";
				CLANG_CXX_LIBRARY = "libc++";
				CLANG_ENABLE_MODULES = YES;
				CLANG_ENABLE_OBJC_ARC = YES;
				CLANG_WARN_BOOL_CONVERSION = YES;
				CLANG_WARN_CONSTANT_CONVERSION = YES;
				CLANG_WARN_DIRECT_OBJC_ISA_USAGE = YES_ERROR;
				CLANG_WARN_EMPTY_BODY = YES;
				CLANG_WARN_ENUM_CONVERSION = YES;
				CLANG_WARN_INT_CONVERSION = YES;
				CLANG_WARN_OBJC_ROOT_CLASS = YES_ERROR;
				CLANG_WARN_UNREACHABLE_CODE = YES;
				CLANG_WARN__DUPLICATE_METHOD_MATCH = YES;
				"CODE_SIGN_IDENTITY[sdk=iphoneos*]" = "iPhone Developer";
				COPY_PHASE_STRIP = NO;
				DEBUG_INFORMATION_FORMAT = dwarf;
				ENABLE_STRICT_OBJC_MSGSEND = YES;
				ENABLE_TESTABILITY = YES;
				GCC_C_LANGUAGE_STANDARD = gnu99;
				GCC_DYNAMIC_NO_PIC = NO;
				GCC_NO_COMMON_BLOCKS = YES;
				GCC_OPTIMIZATION_LEVEL = 0;
				GCC_PREPROCESSOR_DEFINITIONS = (
					"DEBUG=1",
					"$(inherited)",
				);
				GCC_WARN_64_TO_32_BIT_CONVERSION = YES;
				GCC_WARN_ABOUT_RETURN_TYPE = YES_ERROR;
				GCC_WARN_UNDECLARED_SELECTOR = YES;
				GCC_WARN_UNINITIALIZED_AUTOS = YES_AGGRESSIVE;
				GCC_WARN_UNUSED_FUNCTION = YES;
				GCC_WARN_UNUSED_VARIABLE = YES;
				IPHONEOS_DEPLOYMENT_TARGET = 9.1;
				MTL_ENABLE_DEBUG_INFO = YES;
				ONLY_ACTIVE_ARCH = YES;
				SDKROOT = iphoneos;
				TARGETED_DEVICE_FAMILY = "1,2";
			};
			name = Debug;
		};
		C22ABE631BF0A90D00A56CA9 /* Release */ = {
			isa = XCBuildConfiguration;
			buildSettings = {
				ALWAYS_SEARCH_USER_PATHS = NO;
				CLANG_CXX_LANGUAGE_STANDARD = "gnu++0x";
				CLANG_CXX_LIBRARY = "libc++";
				CLANG_ENABLE_MODULES = YES;
				CLANG_ENABLE_OBJC_ARC = YES;
				CLANG_WARN_BOOL_CONVERSION = YES;
				CLANG_WARN_CONSTANT_CONVERSION = YES;
				CLANG_WARN_DIRECT_OBJC_ISA_USAGE = YES_ERROR;
				CLANG_WARN_EMPTY_BODY = YES;
				CLANG_WARN_ENUM_CONVERSION = YES;
				CLANG_WARN_INT_CONVERSION = YES;
				CLANG_WARN_OBJC_ROOT_CLASS = YES_ERROR;
				CLANG_WARN_UNREACHABLE_CODE = YES;
				CLANG_WARN__DUPLICATE_METHOD_MATCH = YES;
				"CODE_SIGN_IDENTITY[sdk=iphoneos*]" = "iPhone Developer";
				COPY_PHASE_STRIP = NO;
				DEBUG_INFORMATION_FORMAT = "dwarf-with-dsym";
				ENABLE_NS_ASSERTIONS = NO;
				ENABLE_STRICT_OBJC_MSGSEND = YES;
				GCC_C_LANGUAGE_STANDARD = gnu99;
				GCC_NO_COMMON_BLOCKS = YES;
				GCC_WARN_64_TO_32_BIT_CONVERSION = YES;
				GCC_WARN_ABOUT_RETURN_TYPE = YES_ERROR;
				GCC_WARN_UNDECLARED_SELECTOR = YES;
				GCC_WARN_UNINITIALIZED_AUTOS = YES_AGGRESSIVE;
				GCC_WARN_UNUSED_FUNCTION = YES;
				GCC_WARN_UNUSED_VARIABLE = YES;
				IPHONEOS_DEPLOYMENT_TARGET = 9.1;
				MTL_ENABLE_DEBUG_INFO = NO;
				SDKROOT = iphoneos;
				TARGETED_DEVICE_FAMILY = "1,2";
				VALIDATE_PRODUCT = YES;
			};
			name = Release;
		};
		C22ABE651BF0A90D00A56CA9 /* Debug */ = {
			isa = XCBuildConfiguration;
			baseConfigurationReference = C9E382E13383370D0398AACF /* Pods.debug.xcconfig */;
			buildSettings = {
				ASSETCATALOG_COMPILER_APPICON_NAME = AppIcon;
				INFOPLIST_FILE = TrackingApp/Info.plist;
				LD_RUNPATH_SEARCH_PATHS = "$(inherited) @executable_path/Frameworks";
				PRODUCT_BUNDLE_IDENTIFIER = "Fork-IT.TrackingApp";
				PRODUCT_NAME = "$(TARGET_NAME)";
			};
			name = Debug;
		};
		C22ABE661BF0A90D00A56CA9 /* Release */ = {
			isa = XCBuildConfiguration;
			baseConfigurationReference = F0BBEC4C526E65C3B8EB16C7 /* Pods.release.xcconfig */;
			buildSettings = {
				ASSETCATALOG_COMPILER_APPICON_NAME = AppIcon;
				INFOPLIST_FILE = TrackingApp/Info.plist;
				LD_RUNPATH_SEARCH_PATHS = "$(inherited) @executable_path/Frameworks";
				PRODUCT_BUNDLE_IDENTIFIER = "Fork-IT.TrackingApp";
				PRODUCT_NAME = "$(TARGET_NAME)";
			};
			name = Release;
		};
/* End XCBuildConfiguration section */

/* Begin XCConfigurationList section */
		C22ABE481BF0A90D00A56CA9 /* Build configuration list for PBXProject "TrackingApp" */ = {
			isa = XCConfigurationList;
			buildConfigurations = (
				C22ABE621BF0A90D00A56CA9 /* Debug */,
				C22ABE631BF0A90D00A56CA9 /* Release */,
			);
			defaultConfigurationIsVisible = 0;
			defaultConfigurationName = Release;
		};
		C22ABE641BF0A90D00A56CA9 /* Build configuration list for PBXNativeTarget "TrackingApp" */ = {
			isa = XCConfigurationList;
			buildConfigurations = (
				C22ABE651BF0A90D00A56CA9 /* Debug */,
				C22ABE661BF0A90D00A56CA9 /* Release */,
			);
			defaultConfigurationIsVisible = 0;
			defaultConfigurationName = Release;
		};
/* End XCConfigurationList section */
	};
	rootObject = C22ABE451BF0A90D00A56CA9 /* Project object */;
}
